<?xml version="1.0" encoding="utf-8"?>
<Project ToolsVersion="4.0" xmlns="http://schemas.microsoft.com/developer/msbuild/2003">
  <ItemGroup>
    <Filter Include="소스 파일">
      <UniqueIdentifier>{4FC737F1-C7A5-4376-A066-2A32D752A2FF}</UniqueIdentifier>
      <Extensions>cpp;c;cc;cxx;c++;cppm;ixx;def;odl;idl;hpj;bat;asm;asmx</Extensions>
    </Filter>
    <Filter Include="헤더 파일">
      <UniqueIdentifier>{93995380-89BD-4b04-88EB-625FBE52EBFB}</UniqueIdentifier>
      <Extensions>h;hh;hpp;hxx;h++;hm;inl;inc;ipp;xsd</Extensions>
    </Filter>
    <Filter Include="리소스 파일">
      <UniqueIdentifier>{67DA6AB6-F800-4c08-8B7A-83BB121AAD01}</UniqueIdentifier>
      <Extensions>rc;ico;cur;bmp;dlg;rc2;rct;bin;rgs;gif;jpg;jpeg;jpe;resx;tiff;tif;png;wav;mfcribbon-ms</Extensions>
    </Filter>
    <Filter Include="소스 파일\R">
      <UniqueIdentifier>{e4a45974-b902-4af0-98ab-ccf365fc2c35}</UniqueIdentifier>
    </Filter>
    <Filter Include="소스 파일\B">
      <UniqueIdentifier>{ddac1b2d-24d5-4664-b998-5df4a8d1f83c}</UniqueIdentifier>
    </Filter>
    <Filter Include="소스 파일\B\Chapter11">
      <UniqueIdentifier>{79695a16-ceb7-415b-85a0-c72c149381c9}</UniqueIdentifier>
    </Filter>
  </ItemGroup>
  <ItemGroup>
    <ClCompile Include="CopyConstructure.cpp">
      <Filter>소스 파일\B</Filter>
    </ClCompile>
    <ClCompile Include="OneOpndOverloading.cpp">
      <Filter>소스 파일\B</Filter>
    </ClCompile>
    <ClCompile Include="OperatorOverloadingY.cpp">
      <Filter>소스 파일\B</Filter>
    </ClCompile>
    <ClCompile Include="PointerThis.cpp">
      <Filter>소스 파일\B</Filter>
    </ClCompile>
    <ClCompile Include="SelfRef.cpp">
      <Filter>소스 파일\B</Filter>
    </ClCompile>
    <ClCompile Include="OperatorOverloadingR.cpp">
      <Filter>소스 파일\R</Filter>
    </ClCompile>
    <ClCompile Include="OverrideFinal.cpp">
      <Filter>소스 파일\R</Filter>
    </ClCompile>
    <ClCompile Include="Template.cpp">
      <Filter>소스 파일\R</Filter>
    </ClCompile>
    <ClCompile Include="FirstOperationOverloading.cpp">
      <Filter>소스 파일\B</Filter>
    </ClCompile>
    <ClCompile Include="AssignShallowCopyError.cpp">
      <Filter>소스 파일\B</Filter>
    </ClCompile>
    <ClCompile Include="InheritAssignOperation.cpp">
      <Filter>소스 파일\B</Filter>
    </ClCompile>
    <ClCompile Include="Book.cpp">
      <Filter>소스 파일\B\Chapter11</Filter>
    </ClCompile>
    <ClCompile Include="HASComposite.cpp">
      <Filter>소스 파일\B\Chapter11</Filter>
    </ClCompile>
  </ItemGroup>
</Project>